// !$*UTF8*$!
{
	archiveVersion = 1;
	classes = {
	};
	objectVersion = 50;
	objects = {

/* Begin PBXBuildFile section */
		9A9674C724C046B0006E5FB6 /* AppDelegate.swift in Sources */ = {isa = PBXBuildFile; fileRef = 9A9674C624C046B0006E5FB6 /* AppDelegate.swift */; };
		9A9674C924C046B0006E5FB6 /* SceneDelegate.swift in Sources */ = {isa = PBXBuildFile; fileRef = 9A9674C824C046B0006E5FB6 /* SceneDelegate.swift */; };
		9A9674CB24C046B0006E5FB6 /* ContentView.swift in Sources */ = {isa = PBXBuildFile; fileRef = 9A9674CA24C046B0006E5FB6 /* ContentView.swift */; };
		9A9674CD24C046B1006E5FB6 /* Assets.xcassets in Resources */ = {isa = PBXBuildFile; fileRef = 9A9674CC24C046B1006E5FB6 /* Assets.xcassets */; };
		9A9674D024C046B1006E5FB6 /* Preview Assets.xcassets in Resources */ = {isa = PBXBuildFile; fileRef = 9A9674CF24C046B1006E5FB6 /* Preview Assets.xcassets */; };
		9A9674D324C046B1006E5FB6 /* LaunchScreen.storyboard in Resources */ = {isa = PBXBuildFile; fileRef = 9A9674D124C046B1006E5FB6 /* LaunchScreen.storyboard */; };
		9A9674DB24C046E3006E5FB6 /* Constant.swift in Sources */ = {isa = PBXBuildFile; fileRef = 9A9674DA24C046E3006E5FB6 /* Constant.swift */; };
/* End PBXBuildFile section */

/* Begin PBXFileReference section */
		9A9674C324C046B0006E5FB6 /* ObfuscationDemo.app */ = {isa = PBXFileReference; explicitFileType = wrapper.application; includeInIndex = 0; path = ObfuscationDemo.app; sourceTree = BUILT_PRODUCTS_DIR; };
		9A9674C624C046B0006E5FB6 /* AppDelegate.swift */ = {isa = PBXFileReference; lastKnownFileType = sourcecode.swift; path = AppDelegate.swift; sourceTree = "<group>"; };
		9A9674C824C046B0006E5FB6 /* SceneDelegate.swift */ = {isa = PBXFileReference; lastKnownFileType = sourcecode.swift; path = SceneDelegate.swift; sourceTree = "<group>"; };
		9A9674CA24C046B0006E5FB6 /* ContentView.swift */ = {isa = PBXFileReference; lastKnownFileType = sourcecode.swift; path = ContentView.swift; sourceTree = "<group>"; };
		9A9674CC24C046B1006E5FB6 /* Assets.xcassets */ = {isa = PBXFileReference; lastKnownFileType = folder.assetcatalog; path = Assets.xcassets; sourceTree = "<group>"; };
		9A9674CF24C046B1006E5FB6 /* Preview Assets.xcassets */ = {isa = PBXFileReference; lastKnownFileType = folder.assetcatalog; path = "Preview Assets.xcassets"; sourceTree = "<group>"; };
		9A9674D224C046B1006E5FB6 /* Base */ = {isa = PBXFileReference; lastKnownFileType = file.storyboard; name = Base; path = Base.lproj/LaunchScreen.storyboard; sourceTree = "<group>"; };
		9A9674D424C046B1006E5FB6 /* Info.plist */ = {isa = PBXFileReference; lastKnownFileType = text.plist.xml; path = Info.plist; sourceTree = "<group>"; };
		9A9674DA24C046E3006E5FB6 /* Constant.swift */ = {isa = PBXFileReference; lastKnownFileType = sourcecode.swift; path = Constant.swift; sourceTree = "<group>"; };
/* End PBXFileReference section */

/* Begin PBXFrameworksBuildPhase section */
		9A9674C024C046B0006E5FB6 /* Frameworks */ = {
			isa = PBXFrameworksBuildPhase;
			buildActionMask = 2147483647;
			files = (
			);
			runOnlyForDeploymentPostprocessing = 0;
		};
/* End PBXFrameworksBuildPhase section */

/* Begin PBXGroup section */
		9A9674BA24C046B0006E5FB6 = {
			isa = PBXGroup;
			children = (
				9A9674C524C046B0006E5FB6 /* ObfuscationDemo */,
				9A9674C424C046B0006E5FB6 /* Products */,
			);
			sourceTree = "<group>";
		};
		9A9674C424C046B0006E5FB6 /* Products */ = {
			isa = PBXGroup;
			children = (
				9A9674C324C046B0006E5FB6 /* ObfuscationDemo.app */,
			);
			name = Products;
			sourceTree = "<group>";
		};
		9A9674C524C046B0006E5FB6 /* ObfuscationDemo */ = {
			isa = PBXGroup;
			children = (
				9A9674C624C046B0006E5FB6 /* AppDelegate.swift */,
				9A9674C824C046B0006E5FB6 /* SceneDelegate.swift */,
				9A9674CA24C046B0006E5FB6 /* ContentView.swift */,
				9A9674DA24C046E3006E5FB6 /* Constant.swift */,
				9A9674CC24C046B1006E5FB6 /* Assets.xcassets */,
				9A9674D124C046B1006E5FB6 /* LaunchScreen.storyboard */,
				9A9674D424C046B1006E5FB6 /* Info.plist */,
				9A9674CE24C046B1006E5FB6 /* Preview Content */,
			);
			path = ObfuscationDemo;
			sourceTree = "<group>";
		};
		9A9674CE24C046B1006E5FB6 /* Preview Content */ = {
			isa = PBXGroup;
			children = (
				9A9674CF24C046B1006E5FB6 /* Preview Assets.xcassets */,
			);
			path = "Preview Content";
			sourceTree = "<group>";
		};
/* End PBXGroup section */

/* Begin PBXNativeTarget section */
		9A9674C224C046B0006E5FB6 /* ObfuscationDemo */ = {
			isa = PBXNativeTarget;
			buildConfigurationList = 9A9674D724C046B1006E5FB6 /* Build configuration list for PBXNativeTarget "ObfuscationDemo" */;
			buildPhases = (
				9A9674BF24C046B0006E5FB6 /* Sources */,
				9A9674C024C046B0006E5FB6 /* Frameworks */,
				9A9674C124C046B0006E5FB6 /* Resources */,
			);
			buildRules = (
			);
			dependencies = (
			);
			name = ObfuscationDemo;
			productName = ObfuscationDemo;
			productReference = 9A9674C324C046B0006E5FB6 /* ObfuscationDemo.app */;
			productType = "com.apple.product-type.application";
		};
/* End PBXNativeTarget section */

/* Begin PBXProject section */
		9A9674BB24C046B0006E5FB6 /* Project object */ = {
			isa = PBXProject;
			attributes = {
				LastSwiftUpdateCheck = 1200;
				LastUpgradeCheck = 1200;
				TargetAttributes = {
					9A9674C224C046B0006E5FB6 = {
						CreatedOnToolsVersion = 12.0;
					};
				};
			};
			buildConfigurationList = 9A9674BE24C046B0006E5FB6 /* Build configuration list for PBXProject "ObfuscationDemo" */;
			compatibilityVersion = "Xcode 9.3";
			developmentRegion = en;
			hasScannedForEncodings = 0;
			knownRegions = (
				en,
				Base,
			);
			mainGroup = 9A9674BA24C046B0006E5FB6;
			productRefGroup = 9A9674C424C046B0006E5FB6 /* Products */;
			projectDirPath = "";
			projectRoot = "";
			targets = (
				9A9674C224C046B0006E5FB6 /* ObfuscationDemo */,
			);
		};
/* End PBXProject section */

/* Begin PBXResourcesBuildPhase section */
		9A9674C124C046B0006E5FB6 /* Resources */ = {
			isa = PBXResourcesBuildPhase;
			buildActionMask = 2147483647;
			files = (
				9A9674D324C046B1006E5FB6 /* LaunchScreen.storyboard in Resources */,
				9A9674D024C046B1006E5FB6 /* Preview Assets.xcassets in Resources */,
				9A9674CD24C046B1006E5FB6 /* Assets.xcassets in Resources */,
			);
			runOnlyForDeploymentPostprocessing = 0;
		};
/* End PBXResourcesBuildPhase section */

/* Begin PBXSourcesBuildPhase section */
		9A9674BF24C046B0006E5FB6 /* Sources */ = {
			isa = PBXSourcesBuildPhase;
			buildActionMask = 2147483647;
			files = (
				9A9674C724C046B0006E5FB6 /* AppDelegate.swift in Sources */,
				9A9674C924C046B0006E5FB6 /* SceneDelegate.swift in Sources */,
				9A9674CB24C046B0006E5FB6 /* ContentView.swift in Sources */,
				9A9674DB24C046E3006E5FB6 /* Constant.swift in Sources */,
			);
			runOnlyForDeploymentPostprocessing = 0;
		};
/* End PBXSourcesBuildPhase section */

/* Begin PBXVariantGroup section */
		9A9674D124C046B1006E5FB6 /* LaunchScreen.storyboard */ = {
			isa = PBXVariantGroup;
			children = (
				9A9674D224C046B1006E5FB6 /* Base */,
			);
			name = LaunchScreen.storyboard;
			sourceTree = "<group>";
		};
/* End PBXVariantGroup section */

/* Begin XCBuildConfiguration section */
		9A9674D524C046B1006E5FB6 /* Debug */ = {
			isa = XCBuildConfiguration;
			buildSettings = {
				ALWAYS_SEARCH_USER_PATHS = NO;
				CLANG_ANALYZER_NONNULL = YES;
				CLANG_ANALYZER_NUMBER_OBJECT_CONVERSION = YES_AGGRESSIVE;
				CLANG_CXX_LANGUAGE_STANDARD = "gnu++14";
				CLANG_CXX_LIBRARY = "libc++";
				CLANG_ENABLE_MODULES = YES;
				CLANG_ENABLE_OBJC_ARC = YES;
				CLANG_ENABLE_OBJC_WEAK = YES;
				CLANG_WARN_BLOCK_CAPTURE_AUTORELEASING = YES;
				CLANG_WARN_BOOL_CONVERSION = YES;
				CLANG_WARN_COMMA = YES;
				CLANG_WARN_CONSTANT_CONVERSION = YES;
				CLANG_WARN_DEPRECATED_OBJC_IMPLEMENTATIONS = YES;
				CLANG_WARN_DIRECT_OBJC_ISA_USAGE = YES_ERROR;
				CLANG_WARN_DOCUMENTATION_COMMENTS = YES;
				CLANG_WARN_EMPTY_BODY = YES;
				CLANG_WARN_ENUM_CONVERSION = YES;
				CLANG_WARN_INFINITE_RECURSION = YES;
				CLANG_WARN_INT_CONVERSION = YES;
				CLANG_WARN_NON_LITERAL_NULL_CONVERSION = YES;
				CLANG_WARN_OBJC_IMPLICIT_RETAIN_SELF = YES;
				CLANG_WARN_OBJC_LITERAL_CONVERSION = YES;
				CLANG_WARN_OBJC_ROOT_CLASS = YES_ERROR;
				CLANG_WARN_QUOTED_INCLUDE_IN_FRAMEWORK_HEADER = YES;
				CLANG_WARN_RANGE_LOOP_ANALYSIS = YES;
				CLANG_WARN_STRICT_PROTOTYPES = YES;
				CLANG_WARN_SUSPICIOUS_MOVE = YES;
				CLANG_WARN_UNGUARDED_AVAILABILITY = YES_AGGRESSIVE;
				CLANG_WARN_UNREACHABLE_CODE = YES;
				CLANG_WARN__DUPLICATE_METHOD_MATCH = YES;
				COPY_PHASE_STRIP = NO;
				DEBUG_INFORMATION_FORMAT = dwarf;
				ENABLE_STRICT_OBJC_MSGSEND = YES;
				ENABLE_TESTABILITY = YES;
				GCC_C_LANGUAGE_STANDARD = gnu11;
				GCC_DYNAMIC_NO_PIC = NO;
				GCC_NO_COMMON_BLOCKS = YES;
				GCC_OPTIMIZATION_LEVEL = 0;
				GCC_PREPROCESSOR_DEFINITIONS = (
					"DEBUG=1",
					"$(inherited)",
				);
				GCC_WARN_64_TO_32_BIT_CONVERSION = YES;
				GCC_WARN_ABOUT_RETURN_TYPE = YES_ERROR;
				GCC_WARN_UNDECLARED_SELECTOR = YES;
				GCC_WARN_UNINITIALIZED_AUTOS = YES_AGGRESSIVE;
				GCC_WARN_UNUSED_FUNCTION = YES;
				GCC_WARN_UNUSED_VARIABLE = YES;
				IPHONEOS_DEPLOYMENT_TARGET = 14.0;
				MTL_ENABLE_DEBUG_INFO = INCLUDE_SOURCE;
				MTL_FAST_MATH = YES;
				ONLY_ACTIVE_ARCH = YES;
				SDKROOT = iphoneos;
				SWIFT_ACTIVE_COMPILATION_CONDITIONS = DEBUG;
				SWIFT_OPTIMIZATION_LEVEL = "-Onone";
			};
			name = Debug;
		};
		9A9674D624C046B1006E5FB6 /* Release */ = {
			isa = XCBuildConfiguration;
			buildSettings = {
				ALWAYS_SEARCH_USER_PATHS = NO;
				CLANG_ANALYZER_NONNULL = YES;
				CLANG_ANALYZER_NUMBER_OBJECT_CONVERSION = YES_AGGRESSIVE;
				CLANG_CXX_LANGUAGE_STANDARD = "gnu++14";
				CLANG_CXX_LIBRARY = "libc++";
				CLANG_ENABLE_MODULES = YES;
				CLANG_ENABLE_OBJC_ARC = YES;
				CLANG_ENABLE_OBJC_WEAK = YES;
				CLANG_WARN_BLOCK_CAPTURE_AUTORELEASING = YES;
				CLANG_WARN_BOOL_CONVERSION = YES;
				CLANG_WARN_COMMA = YES;
				CLANG_WARN_CONSTANT_CONVERSION = YES;
				CLANG_WARN_DEPRECATED_OBJC_IMPLEMENTATIONS = YES;
				CLANG_WARN_DIRECT_OBJC_ISA_USAGE = YES_ERROR;
				CLANG_WARN_DOCUMENTATION_COMMENTS = YES;
				CLANG_WARN_EMPTY_BODY = YES;
				CLANG_WARN_ENUM_CONVERSION = YES;
				CLANG_WARN_INFINITE_RECURSION = YES;
				CLANG_WARN_INT_CONVERSION = YES;
				CLANG_WARN_NON_LITERAL_NULL_CONVERSION = YES;
				CLANG_WARN_OBJC_IMPLICIT_RETAIN_SELF = YES;
				CLANG_WARN_OBJC_LITERAL_CONVERSION = YES;
				CLANG_WARN_OBJC_ROOT_CLASS = YES_ERROR;
				CLANG_WARN_QUOTED_INCLUDE_IN_FRAMEWORK_HEADER = YES;
				CLANG_WARN_RANGE_LOOP_ANALYSIS = YES;
				CLANG_WARN_STRICT_PROTOTYPES = YES;
				CLANG_WARN_SUSPICIOUS_MOVE = YES;
				CLANG_WARN_UNGUARDED_AVAILABILITY = YES_AGGRESSIVE;
				CLANG_WARN_UNREACHABLE_CODE = YES;
				CLANG_WARN__DUPLICATE_METHOD_MATCH = YES;
				COPY_PHASE_STRIP = NO;
				DEBUG_INFORMATION_FORMAT = "dwarf-with-dsym";
				ENABLE_NS_ASSERTIONS = NO;
				ENABLE_STRICT_OBJC_MSGSEND = YES;
				GCC_C_LANGUAGE_STANDARD = gnu11;
				GCC_NO_COMMON_BLOCKS = YES;
				GCC_WARN_64_TO_32_BIT_CONVERSION = YES;
				GCC_WARN_ABOUT_RETURN_TYPE = YES_ERROR;
				GCC_WARN_UNDECLARED_SELECTOR = YES;
				GCC_WARN_UNINITIALIZED_AUTOS = YES_AGGRESSIVE;
				GCC_WARN_UNUSED_FUNCTION = YES;
				GCC_WARN_UNUSED_VARIABLE = YES;
				IPHONEOS_DEPLOYMENT_TARGET = 14.0;
				MTL_ENABLE_DEBUG_INFO = NO;
				MTL_FAST_MATH = YES;
				SDKROOT = iphoneos;
				SWIFT_COMPILATION_MODE = wholemodule;
				SWIFT_OPTIMIZATION_LEVEL = "-O";
				VALIDATE_PRODUCT = YES;
			};
			name = Release;
		};
		9A9674D824C046B1006E5FB6 /* Debug */ = {
			isa = XCBuildConfiguration;
			buildSettings = {
				ASSETCATALOG_COMPILER_APPICON_NAME = AppIcon;
				ASSETCATALOG_COMPILER_GLOBAL_ACCENT_COLOR_NAME = AccentColor;
				CODE_SIGN_STYLE = Automatic;
				DEVELOPMENT_ASSET_PATHS = "\"ObfuscationDemo/Preview Content\"";
				ENABLE_PREVIEWS = YES;
				INFOPLIST_FILE = ObfuscationDemo/Info.plist;
				LD_RUNPATH_SEARCH_PATHS = (
					"$(inherited)",
					"@executable_path/Frameworks",
				);
				PRODUCT_BUNDLE_IDENTIFIER = com.lanjewar.ObfuscationDemo;
				PRODUCT_NAME = "$(TARGET_NAME)";
				SWIFT_VERSION = 5.0;
				TARGETED_DEVICE_FAMILY = "1,2";
			};
			name = Debug;
		};
		9A9674D924C046B1006E5FB6 /* Release */ = {
			isa = XCBuildConfiguration;
			buildSettings = {
				ASSETCATALOG_COMPILER_APPICON_NAME = AppIcon;
				ASSETCATALOG_COMPILER_GLOBAL_ACCENT_COLOR_NAME = AccentColor;
				CODE_SIGN_STYLE = Automatic;
				DEVELOPMENT_ASSET_PATHS = "\"ObfuscationDemo/Preview Content\"";
				ENABLE_PREVIEWS = YES;
				INFOPLIST_FILE = ObfuscationDemo/Info.plist;
				LD_RUNPATH_SEARCH_PATHS = (
					"$(inherited)",
					"@executable_path/Frameworks",
				);
				PRODUCT_BUNDLE_IDENTIFIER = com.lanjewar.ObfuscationDemo;
				PRODUCT_NAME = "$(TARGET_NAME)";
				SWIFT_VERSION = 5.0;
				TARGETED_DEVICE_FAMILY = "1,2";
			};
			name = Release;
		};
/* End XCBuildConfiguration section */

/* Begin XCConfigurationList section */
		9A9674BE24C046B0006E5FB6 /* Build configuration list for PBXProject "ObfuscationDemo" */ = {
			isa = XCConfigurationList;
			buildConfigurations = (
				9A9674D524C046B1006E5FB6 /* Debug */,
				9A9674D624C046B1006E5FB6 /* Release */,
			);
			defaultConfigurationIsVisible = 0;
			defaultConfigurationName = Release;
		};
		9A9674D724C046B1006E5FB6 /* Build configuration list for PBXNativeTarget "ObfuscationDemo" */ = {
			isa = XCConfigurationList;
			buildConfigurations = (
				9A9674D824C046B1006E5FB6 /* Debug */,
				9A9674D924C046B1006E5FB6 /* Release */,
			);
			defaultConfigurationIsVisible = 0;
			defaultConfigurationName = Release;
		};
/* End XCConfigurationList section */
	};
	rootObject = 9A9674BB24C046B0006E5FB6 /* Project object */;
}
